{"1.2.0",
[{<<"fs">>,{pkg,<<"fs">>,<<"6.1.1">>},1},
 {<<"sync">>,{pkg,<<"sync">>,<<"0.3.0">>},0}]}.
[
{pkg_hash,[
 {<<"fs">>, <<"9D147B944D60CFA48A349F12D06C8EE71128F610C90870BDF9A6773206452ED0">>},
 {<<"sync">>, <<"26D1A922CD398FA745F429B1C14A3FA8AA0DA88EAB2451510B8FCE83A7266D4B">>}]},
{pkg_hash_ext,[
 {<<"fs">>, <<"EF94E95FFE79916860649FED80AC62B04C322B0BB70F5128144C026B4D171F8B">>},
 {<<"sync">>, <<"F5ABB7345F8BF19E0A03F96A32BCC8F6504402FA035C891F74D092F1047C67A8">>}]}
].
